
Microsoft Visual Studio Solution File, Format Version 12.00
# Visual Studio Version 16
VisualStudioVersion = 16.0.33927.289
MinimumVisualStudioVersion = 10.0.40219.1
Project("{FAE04EC0-301F-11D3-BF4B-00C04F79EFBC}") = "ejercicios", "ejercicios.csproj", "{042491A2-8658-4ADF-B0C9-084BA0784D60}"
EndProject
Global
	GlobalSection(SolutionConfigurationPlatforms) = preSolution
		Debug|Any CPU = Debug|Any CPU
		Release|Any CPU = Release|Any CPU
	EndGlobalSection
	GlobalSection(ProjectConfigurationPlatforms) = postSolution
		{042491A2-8658-4ADF-B0C9-084BA0784D60}.Debug|Any CPU.ActiveCfg = Debug|Any CPU
		{042491A2-8658-4ADF-B0C9-084BA0784D60}.Debug|Any CPU.Build.0 = Debug|Any CPU
		{042491A2-8658-4ADF-B0C9-084BA0784D60}.Release|Any CPU.ActiveCfg = Release|Any CPU
		{042491A2-8658-4ADF-B0C9-084BA0784D60}.Release|Any CPU.Build.0 = Release|Any CPU
	EndGlobalSection
	GlobalSection(SolutionProperties) = preSolution
		HideSolutionNode = FALSE
	EndGlobalSection
	GlobalSection(ExtensibilityGlobals) = postSolution
		SolutionGuid = {6649E8A4-3D37-4451-A692-64BF5AAF583A}
	EndGlobalSection
EndGlobal
