
Microsoft Visual Studio Solution File, Format Version 12.00
# Visual Studio Version 16
VisualStudioVersion = 16.0.33927.289
MinimumVisualStudioVersion = 10.0.40219.1
Project("{FAE04EC0-301F-11D3-BF4B-00C04F79EFBC}") = "Promedios", "Promedios.csproj", "{F04BB93F-1267-48F4-A03D-7BACAA70443E}"
EndProject
Global
	GlobalSection(SolutionConfigurationPlatforms) = preSolution
		Debug|Any CPU = Debug|Any CPU
		Release|Any CPU = Release|Any CPU
	EndGlobalSection
	GlobalSection(ProjectConfigurationPlatforms) = postSolution
		{F04BB93F-1267-48F4-A03D-7BACAA70443E}.Debug|Any CPU.ActiveCfg = Debug|Any CPU
		{F04BB93F-1267-48F4-A03D-7BACAA70443E}.Debug|Any CPU.Build.0 = Debug|Any CPU
		{F04BB93F-1267-48F4-A03D-7BACAA70443E}.Release|Any CPU.ActiveCfg = Release|Any CPU
		{F04BB93F-1267-48F4-A03D-7BACAA70443E}.Release|Any CPU.Build.0 = Release|Any CPU
	EndGlobalSection
	GlobalSection(SolutionProperties) = preSolution
		HideSolutionNode = FALSE
	EndGlobalSection
	GlobalSection(ExtensibilityGlobals) = postSolution
		SolutionGuid = {CEEC5639-F214-485B-8EB6-295D5224740D}
	EndGlobalSection
EndGlobal
